// !$*UTF8*$!
{
	archiveVersion = 1;
	classes = {
	};
	objectVersion = 55;
	objects = {

/* Begin PBXBuildFile section */
		525EE628279B65A000419AA9 /* ColoredMoney.swift in Sources */ = {isa = PBXBuildFile; fileRef = 525EE627279B65A000419AA9 /* ColoredMoney.swift */; };
		528B24F8280E1F2E008AA621 /* ExpenseOverviewChart.swift in Sources */ = {isa = PBXBuildFile; fileRef = 528B24F7280E1F2E008AA621 /* ExpenseOverviewChart.swift */; };
		528B24FA280E21C7008AA621 /* Card.swift in Sources */ = {isa = PBXBuildFile; fileRef = 528B24F9280E21C7008AA621 /* Card.swift */; };
		528B35F227A49BF500F52E2C /* Categories.swift in Sources */ = {isa = PBXBuildFile; fileRef = 528B35F127A49BF500F52E2C /* Categories.swift */; };
		529081C527E4E0670066115D /* BudgetOptionsView.swift in Sources */ = {isa = PBXBuildFile; fileRef = 529081C427E4E0670066115D /* BudgetOptionsView.swift */; };
		529081C727E4E1A30066115D /* RecordRowView.swift in Sources */ = {isa = PBXBuildFile; fileRef = 529081C627E4E1A30066115D /* RecordRowView.swift */; };
		529081C927E4E1D30066115D /* AdvancedRecordView.swift in Sources */ = {isa = PBXBuildFile; fileRef = 529081C827E4E1D30066115D /* AdvancedRecordView.swift */; };
		529081CD27E4E2990066115D /* Record.swift in Sources */ = {isa = PBXBuildFile; fileRef = 529081CC27E4E2990066115D /* Record.swift */; };
		529081D227E4E7090066115D /* FormatterExtension.swift in Sources */ = {isa = PBXBuildFile; fileRef = 529081D127E4E7090066115D /* FormatterExtension.swift */; };
		529081D427E4E7CF0066115D /* ViewExtension.swift in Sources */ = {isa = PBXBuildFile; fileRef = 529081D327E4E7CF0066115D /* ViewExtension.swift */; };
		52ABC8052803AD410005C061 /* SearchBar.swift in Sources */ = {isa = PBXBuildFile; fileRef = 52ABC8042803AD410005C061 /* SearchBar.swift */; };
		52ABD1A52814A676003EA81F /* GraphData.swift in Sources */ = {isa = PBXBuildFile; fileRef = 52ABD1A42814A676003EA81F /* GraphData.swift */; };
		52B282E6281205C400564341 /* YTDSpendingTrendsChart.swift in Sources */ = {isa = PBXBuildFile; fileRef = 52B282E5281205C400564341 /* YTDSpendingTrendsChart.swift */; };
		52B282E82812067000564341 /* BarChartView.swift in Sources */ = {isa = PBXBuildFile; fileRef = 52B282E72812067000564341 /* BarChartView.swift */; };
		52B282EA2812109700564341 /* DateExtension.swift in Sources */ = {isa = PBXBuildFile; fileRef = 52B282E92812109700564341 /* DateExtension.swift */; };
		52B5DA1E27A0BC8200EACD38 /* ChartsView.swift in Sources */ = {isa = PBXBuildFile; fileRef = 52B5DA1D27A0BC8200EACD38 /* ChartsView.swift */; };
		52B5DA2027A0BFE900EACD38 /* PieChartView.swift in Sources */ = {isa = PBXBuildFile; fileRef = 52B5DA1F27A0BFE900EACD38 /* PieChartView.swift */; };
		52BD5B272816F6D000A594C4 /* ConditionalStack.swift in Sources */ = {isa = PBXBuildFile; fileRef = 52BD5B262816F6D000A594C4 /* ConditionalStack.swift */; };
		52BD5B2A2817510700A594C4 /* BudgetsService.swift in Sources */ = {isa = PBXBuildFile; fileRef = 52BD5B292817510700A594C4 /* BudgetsService.swift */; };
		52C160E42773EB33001BC665 /* Budget.swift in Sources */ = {isa = PBXBuildFile; fileRef = 52C160E32773EB33001BC665 /* Budget.swift */; };
		52C160E62773EE0E001BC665 /* BudgetListView.swift in Sources */ = {isa = PBXBuildFile; fileRef = 52C160E52773EE0E001BC665 /* BudgetListView.swift */; };
		52C5B3512804E4EF008AF3C2 /* BudgetName.swift in Sources */ = {isa = PBXBuildFile; fileRef = 52C5B3502804E4EE008AF3C2 /* BudgetName.swift */; };
		52C61DFE276E314000C3374A /* Expense_TrackerApp.swift in Sources */ = {isa = PBXBuildFile; fileRef = 52C61DFD276E314000C3374A /* Expense_TrackerApp.swift */; };
		52C61E00276E314000C3374A /* ContentView.swift in Sources */ = {isa = PBXBuildFile; fileRef = 52C61DFF276E314000C3374A /* ContentView.swift */; };
		52C61E02276E314200C3374A /* Assets.xcassets in Resources */ = {isa = PBXBuildFile; fileRef = 52C61E01276E314200C3374A /* Assets.xcassets */; };
		52C61E05276E314200C3374A /* Preview Assets.xcassets in Resources */ = {isa = PBXBuildFile; fileRef = 52C61E04276E314200C3374A /* Preview Assets.xcassets */; };
		52C61E0F276E314200C3374A /* ExpenseTrackerTests.swift in Sources */ = {isa = PBXBuildFile; fileRef = 52C61E0E276E314200C3374A /* ExpenseTrackerTests.swift */; };
		52C61E19276E314200C3374A /* ExpenseTrackerUITests.swift in Sources */ = {isa = PBXBuildFile; fileRef = 52C61E18276E314200C3374A /* ExpenseTrackerUITests.swift */; };
		52C61E1B276E314200C3374A /* Expense_TrackerUITestsLaunchTests.swift in Sources */ = {isa = PBXBuildFile; fileRef = 52C61E1A276E314200C3374A /* Expense_TrackerUITestsLaunchTests.swift */; };
		52C61E2A276E454B00C3374A /* BudgetView.swift in Sources */ = {isa = PBXBuildFile; fileRef = 52C61E29276E454B00C3374A /* BudgetView.swift */; };
		52C89849281361C600295132 /* YOYSavings.swift in Sources */ = {isa = PBXBuildFile; fileRef = 52C89848281361C600295132 /* YOYSavings.swift */; };
		52D3C6F927ADE7B4002BBA75 /* Realm in Frameworks */ = {isa = PBXBuildFile; productRef = 52D3C6F827ADE7B4002BBA75 /* Realm */; };
		52D3C6FB27ADE7B4002BBA75 /* RealmSwift in Frameworks */ = {isa = PBXBuildFile; productRef = 52D3C6FA27ADE7B4002BBA75 /* RealmSwift */; };
/* End PBXBuildFile section */

/* Begin PBXContainerItemProxy section */
		52C61E0B276E314200C3374A /* PBXContainerItemProxy */ = {
			isa = PBXContainerItemProxy;
			containerPortal = 52C61DF2276E314000C3374A /* Project object */;
			proxyType = 1;
			remoteGlobalIDString = 52C61DF9276E314000C3374A;
			remoteInfo = "Expense Tracker";
		};
		52C61E15276E314200C3374A /* PBXContainerItemProxy */ = {
			isa = PBXContainerItemProxy;
			containerPortal = 52C61DF2276E314000C3374A /* Project object */;
			proxyType = 1;
			remoteGlobalIDString = 52C61DF9276E314000C3374A;
			remoteInfo = "Expense Tracker";
		};
/* End PBXContainerItemProxy section */

/* Begin PBXFileReference section */
		525EE627279B65A000419AA9 /* ColoredMoney.swift */ = {isa = PBXFileReference; lastKnownFileType = sourcecode.swift; path = ColoredMoney.swift; sourceTree = "<group>"; };
		528B24F7280E1F2E008AA621 /* ExpenseOverviewChart.swift */ = {isa = PBXFileReference; lastKnownFileType = sourcecode.swift; path = ExpenseOverviewChart.swift; sourceTree = "<group>"; };
		528B24F9280E21C7008AA621 /* Card.swift */ = {isa = PBXFileReference; lastKnownFileType = sourcecode.swift; path = Card.swift; sourceTree = "<group>"; };
		528B35F127A49BF500F52E2C /* Categories.swift */ = {isa = PBXFileReference; lastKnownFileType = sourcecode.swift; path = Categories.swift; sourceTree = "<group>"; };
		529081C427E4E0670066115D /* BudgetOptionsView.swift */ = {isa = PBXFileReference; lastKnownFileType = sourcecode.swift; path = BudgetOptionsView.swift; sourceTree = "<group>"; };
		529081C627E4E1A30066115D /* RecordRowView.swift */ = {isa = PBXFileReference; lastKnownFileType = sourcecode.swift; path = RecordRowView.swift; sourceTree = "<group>"; };
		529081C827E4E1D30066115D /* AdvancedRecordView.swift */ = {isa = PBXFileReference; lastKnownFileType = sourcecode.swift; path = AdvancedRecordView.swift; sourceTree = "<group>"; };
		529081CC27E4E2990066115D /* Record.swift */ = {isa = PBXFileReference; lastKnownFileType = sourcecode.swift; path = Record.swift; sourceTree = "<group>"; };
		529081D127E4E7090066115D /* FormatterExtension.swift */ = {isa = PBXFileReference; lastKnownFileType = sourcecode.swift; path = FormatterExtension.swift; sourceTree = "<group>"; };
		529081D327E4E7CF0066115D /* ViewExtension.swift */ = {isa = PBXFileReference; lastKnownFileType = sourcecode.swift; path = ViewExtension.swift; sourceTree = "<group>"; };
		529081D627E4EC240066115D /* Expense-Tracker-Info.plist */ = {isa = PBXFileReference; lastKnownFileType = text.plist; path = "Expense-Tracker-Info.plist"; sourceTree = SOURCE_ROOT; };
		52ABC8042803AD410005C061 /* SearchBar.swift */ = {isa = PBXFileReference; lastKnownFileType = sourcecode.swift; path = SearchBar.swift; sourceTree = "<group>"; };
		52ABD1A42814A676003EA81F /* GraphData.swift */ = {isa = PBXFileReference; lastKnownFileType = sourcecode.swift; path = GraphData.swift; sourceTree = "<group>"; };
		52B282E5281205C400564341 /* YTDSpendingTrendsChart.swift */ = {isa = PBXFileReference; lastKnownFileType = sourcecode.swift; path = YTDSpendingTrendsChart.swift; sourceTree = "<group>"; };
		52B282E72812067000564341 /* BarChartView.swift */ = {isa = PBXFileReference; lastKnownFileType = sourcecode.swift; path = BarChartView.swift; sourceTree = "<group>"; };
		52B282E92812109700564341 /* DateExtension.swift */ = {isa = PBXFileReference; lastKnownFileType = sourcecode.swift; path = DateExtension.swift; sourceTree = "<group>"; };
		52B5DA1D27A0BC8200EACD38 /* ChartsView.swift */ = {isa = PBXFileReference; lastKnownFileType = sourcecode.swift; path = ChartsView.swift; sourceTree = "<group>"; };
		52B5DA1F27A0BFE900EACD38 /* PieChartView.swift */ = {isa = PBXFileReference; lastKnownFileType = sourcecode.swift; path = PieChartView.swift; sourceTree = "<group>"; };
		52BD5B262816F6D000A594C4 /* ConditionalStack.swift */ = {isa = PBXFileReference; lastKnownFileType = sourcecode.swift; path = ConditionalStack.swift; sourceTree = "<group>"; };
		52BD5B292817510700A594C4 /* BudgetsService.swift */ = {isa = PBXFileReference; lastKnownFileType = sourcecode.swift; path = BudgetsService.swift; sourceTree = "<group>"; };
		52C160E32773EB33001BC665 /* Budget.swift */ = {isa = PBXFileReference; lastKnownFileType = sourcecode.swift; path = Budget.swift; sourceTree = "<group>"; };
		52C160E52773EE0E001BC665 /* BudgetListView.swift */ = {isa = PBXFileReference; lastKnownFileType = sourcecode.swift; path = BudgetListView.swift; sourceTree = "<group>"; };
		52C5B3502804E4EE008AF3C2 /* BudgetName.swift */ = {isa = PBXFileReference; lastKnownFileType = sourcecode.swift; path = BudgetName.swift; sourceTree = "<group>"; };
		52C61DFA276E314000C3374A /* Expense Tracker.app */ = {isa = PBXFileReference; explicitFileType = wrapper.application; includeInIndex = 0; path = "Expense Tracker.app"; sourceTree = BUILT_PRODUCTS_DIR; };
		52C61DFD276E314000C3374A /* Expense_TrackerApp.swift */ = {isa = PBXFileReference; lastKnownFileType = sourcecode.swift; path = Expense_TrackerApp.swift; sourceTree = "<group>"; };
		52C61DFF276E314000C3374A /* ContentView.swift */ = {isa = PBXFileReference; lastKnownFileType = sourcecode.swift; path = ContentView.swift; sourceTree = "<group>"; };
		52C61E01276E314200C3374A /* Assets.xcassets */ = {isa = PBXFileReference; lastKnownFileType = folder.assetcatalog; path = Assets.xcassets; sourceTree = "<group>"; };
		52C61E04276E314200C3374A /* Preview Assets.xcassets */ = {isa = PBXFileReference; lastKnownFileType = folder.assetcatalog; path = "Preview Assets.xcassets"; sourceTree = "<group>"; };
		52C61E0A276E314200C3374A /* Expense TrackerTests.xctest */ = {isa = PBXFileReference; explicitFileType = wrapper.cfbundle; includeInIndex = 0; path = "Expense TrackerTests.xctest"; sourceTree = BUILT_PRODUCTS_DIR; };
		52C61E0E276E314200C3374A /* ExpenseTrackerTests.swift */ = {isa = PBXFileReference; lastKnownFileType = sourcecode.swift; path = ExpenseTrackerTests.swift; sourceTree = "<group>"; };
		52C61E14276E314200C3374A /* Expense TrackerUITests.xctest */ = {isa = PBXFileReference; explicitFileType = wrapper.cfbundle; includeInIndex = 0; path = "Expense TrackerUITests.xctest"; sourceTree = BUILT_PRODUCTS_DIR; };
		52C61E18276E314200C3374A /* ExpenseTrackerUITests.swift */ = {isa = PBXFileReference; lastKnownFileType = sourcecode.swift; path = ExpenseTrackerUITests.swift; sourceTree = "<group>"; };
		52C61E1A276E314200C3374A /* Expense_TrackerUITestsLaunchTests.swift */ = {isa = PBXFileReference; lastKnownFileType = sourcecode.swift; path = Expense_TrackerUITestsLaunchTests.swift; sourceTree = "<group>"; };
		52C61E29276E454B00C3374A /* BudgetView.swift */ = {isa = PBXFileReference; lastKnownFileType = sourcecode.swift; path = BudgetView.swift; sourceTree = "<group>"; };
		52C89848281361C600295132 /* YOYSavings.swift */ = {isa = PBXFileReference; lastKnownFileType = sourcecode.swift; path = YOYSavings.swift; sourceTree = "<group>"; };
/* End PBXFileReference section */

/* Begin PBXFrameworksBuildPhase section */
		52C61DF7276E314000C3374A /* Frameworks */ = {
			isa = PBXFrameworksBuildPhase;
			buildActionMask = 2147483647;
			files = (
				52D3C6FB27ADE7B4002BBA75 /* RealmSwift in Frameworks */,
				52D3C6F927ADE7B4002BBA75 /* Realm in Frameworks */,
			);
			runOnlyForDeploymentPostprocessing = 0;
		};
		52C61E07276E314200C3374A /* Frameworks */ = {
			isa = PBXFrameworksBuildPhase;
			buildActionMask = 2147483647;
			files = (
			);
			runOnlyForDeploymentPostprocessing = 0;
		};
		52C61E11276E314200C3374A /* Frameworks */ = {
			isa = PBXFrameworksBuildPhase;
			buildActionMask = 2147483647;
			files = (
			);
			runOnlyForDeploymentPostprocessing = 0;
		};
/* End PBXFrameworksBuildPhase section */

/* Begin PBXGroup section */
		528C991127920D80001CC52E /* Components */ = {
			isa = PBXGroup;
			children = (
				52B5DA1F27A0BFE900EACD38 /* PieChartView.swift */,
				525EE627279B65A000419AA9 /* ColoredMoney.swift */,
				52ABC8042803AD410005C061 /* SearchBar.swift */,
				52C5B3502804E4EE008AF3C2 /* BudgetName.swift */,
				528B24F9280E21C7008AA621 /* Card.swift */,
				52B282E72812067000564341 /* BarChartView.swift */,
				52BD5B262816F6D000A594C4 /* ConditionalStack.swift */,
			);
			path = Components;
			sourceTree = "<group>";
		};
		528E6D4A2810BD3600900D0D /* Budget Views */ = {
			isa = PBXGroup;
			children = (
				528E6D4C2810BD9500900D0D /* Record Views */,
				52C61E29276E454B00C3374A /* BudgetView.swift */,
				52C160E52773EE0E001BC665 /* BudgetListView.swift */,
				529081C427E4E0670066115D /* BudgetOptionsView.swift */,
			);
			path = "Budget Views";
			sourceTree = "<group>";
		};
		528E6D4B2810BD4700900D0D /* Chart Views */ = {
			isa = PBXGroup;
			children = (
				528B24F7280E1F2E008AA621 /* ExpenseOverviewChart.swift */,
				52B5DA1D27A0BC8200EACD38 /* ChartsView.swift */,
				52B282E5281205C400564341 /* YTDSpendingTrendsChart.swift */,
				52C89848281361C600295132 /* YOYSavings.swift */,
			);
			path = "Chart Views";
			sourceTree = "<group>";
		};
		528E6D4C2810BD9500900D0D /* Record Views */ = {
			isa = PBXGroup;
			children = (
				529081C627E4E1A30066115D /* RecordRowView.swift */,
				529081C827E4E1D30066115D /* AdvancedRecordView.swift */,
			);
			path = "Record Views";
			sourceTree = "<group>";
		};
		529081D027E4E6EF0066115D /* Extensions */ = {
			isa = PBXGroup;
			children = (
				529081D127E4E7090066115D /* FormatterExtension.swift */,
				529081D327E4E7CF0066115D /* ViewExtension.swift */,
				52B282E92812109700564341 /* DateExtension.swift */,
			);
			path = Extensions;
			sourceTree = "<group>";
		};
		529081D527E4E9840066115D /* Constants */ = {
			isa = PBXGroup;
			children = (
				528B35F127A49BF500F52E2C /* Categories.swift */,
			);
			path = Constants;
			sourceTree = "<group>";
		};
		52BD5B28281750D100A594C4 /* Services */ = {
			isa = PBXGroup;
			children = (
				52BD5B292817510700A594C4 /* BudgetsService.swift */,
			);
			path = Services;
			sourceTree = "<group>";
		};
		52C61DF1276E314000C3374A = {
			isa = PBXGroup;
			children = (
				52C61DFC276E314000C3374A /* Expense Tracker */,
				52C61E0D276E314200C3374A /* Expense TrackerTests */,
				52C61E17276E314200C3374A /* Expense TrackerUITests */,
				52C61DFB276E314000C3374A /* Products */,
			);
			sourceTree = "<group>";
		};
		52C61DFB276E314000C3374A /* Products */ = {
			isa = PBXGroup;
			children = (
				52C61DFA276E314000C3374A /* Expense Tracker.app */,
				52C61E0A276E314200C3374A /* Expense TrackerTests.xctest */,
				52C61E14276E314200C3374A /* Expense TrackerUITests.xctest */,
			);
			name = Products;
			sourceTree = "<group>";
		};
		52C61DFC276E314000C3374A /* Expense Tracker */ = {
			isa = PBXGroup;
			children = (
				52BD5B28281750D100A594C4 /* Services */,
				529081D627E4EC240066115D /* Expense-Tracker-Info.plist */,
				529081D527E4E9840066115D /* Constants */,
				529081D027E4E6EF0066115D /* Extensions */,
				52C61E28276E3FA900C3374A /* Views */,
				52C61E27276E320C00C3374A /* Models */,
				52C61DFD276E314000C3374A /* Expense_TrackerApp.swift */,
				52C61E01276E314200C3374A /* Assets.xcassets */,
				52C61E03276E314200C3374A /* Preview Content */,
			);
			path = "Expense Tracker";
			sourceTree = "<group>";
		};
		52C61E03276E314200C3374A /* Preview Content */ = {
			isa = PBXGroup;
			children = (
				52C61E04276E314200C3374A /* Preview Assets.xcassets */,
			);
			path = "Preview Content";
			sourceTree = "<group>";
		};
		52C61E0D276E314200C3374A /* Expense TrackerTests */ = {
			isa = PBXGroup;
			children = (
				52C61E0E276E314200C3374A /* ExpenseTrackerTests.swift */,
			);
			path = "Expense TrackerTests";
			sourceTree = "<group>";
		};
		52C61E17276E314200C3374A /* Expense TrackerUITests */ = {
			isa = PBXGroup;
			children = (
				52C61E18276E314200C3374A /* ExpenseTrackerUITests.swift */,
				52C61E1A276E314200C3374A /* Expense_TrackerUITestsLaunchTests.swift */,
			);
			path = "Expense TrackerUITests";
			sourceTree = "<group>";
		};
		52C61E27276E320C00C3374A /* Models */ = {
			isa = PBXGroup;
			children = (
				52C160E32773EB33001BC665 /* Budget.swift */,
				529081CC27E4E2990066115D /* Record.swift */,
				52ABD1A42814A676003EA81F /* GraphData.swift */,
			);
			path = Models;
			sourceTree = "<group>";
		};
		52C61E28276E3FA900C3374A /* Views */ = {
			isa = PBXGroup;
			children = (
				528C991127920D80001CC52E /* Components */,
				528E6D4B2810BD4700900D0D /* Chart Views */,
				528E6D4A2810BD3600900D0D /* Budget Views */,
				52C61DFF276E314000C3374A /* ContentView.swift */,
			);
			path = Views;
			sourceTree = "<group>";
		};
/* End PBXGroup section */

/* Begin PBXNativeTarget section */
		52C61DF9276E314000C3374A /* Expense Tracker */ = {
			isa = PBXNativeTarget;
			buildConfigurationList = 52C61E1E276E314200C3374A /* Build configuration list for PBXNativeTarget "Expense Tracker" */;
			buildPhases = (
				52C61DF6276E314000C3374A /* Sources */,
				52C61DF7276E314000C3374A /* Frameworks */,
				52C61DF8276E314000C3374A /* Resources */,
				52629E9F2798B47D0096E501 /* Run Script */,
			);
			buildRules = (
			);
			dependencies = (
			);
			name = "Expense Tracker";
			packageProductDependencies = (
				52D3C6F827ADE7B4002BBA75 /* Realm */,
				52D3C6FA27ADE7B4002BBA75 /* RealmSwift */,
			);
			productName = "Expense Tracker";
			productReference = 52C61DFA276E314000C3374A /* Expense Tracker.app */;
			productType = "com.apple.product-type.application";
		};
		52C61E09276E314200C3374A /* Expense TrackerTests */ = {
			isa = PBXNativeTarget;
			buildConfigurationList = 52C61E21276E314200C3374A /* Build configuration list for PBXNativeTarget "Expense TrackerTests" */;
			buildPhases = (
				52C61E06276E314200C3374A /* Sources */,
				52C61E07276E314200C3374A /* Frameworks */,
				52C61E08276E314200C3374A /* Resources */,
			);
			buildRules = (
			);
			dependencies = (
				52C61E0C276E314200C3374A /* PBXTargetDependency */,
			);
			name = "Expense TrackerTests";
			productName = "Expense TrackerTests";
			productReference = 52C61E0A276E314200C3374A /* Expense TrackerTests.xctest */;
			productType = "com.apple.product-type.bundle.unit-test";
		};
		52C61E13276E314200C3374A /* Expense TrackerUITests */ = {
			isa = PBXNativeTarget;
			buildConfigurationList = 52C61E24276E314200C3374A /* Build configuration list for PBXNativeTarget "Expense TrackerUITests" */;
			buildPhases = (
				52C61E10276E314200C3374A /* Sources */,
				52C61E11276E314200C3374A /* Frameworks */,
				52C61E12276E314200C3374A /* Resources */,
			);
			buildRules = (
			);
			dependencies = (
				52C61E16276E314200C3374A /* PBXTargetDependency */,
			);
			name = "Expense TrackerUITests";
			productName = "Expense TrackerUITests";
			productReference = 52C61E14276E314200C3374A /* Expense TrackerUITests.xctest */;
			productType = "com.apple.product-type.bundle.ui-testing";
		};
/* End PBXNativeTarget section */

/* Begin PBXProject section */
		52C61DF2276E314000C3374A /* Project object */ = {
			isa = PBXProject;
			attributes = {
				BuildIndependentTargetsInParallel = 1;
				LastSwiftUpdateCheck = 1300;
				LastUpgradeCheck = 1300;
				TargetAttributes = {
					52C61DF9276E314000C3374A = {
						CreatedOnToolsVersion = 13.0;
					};
					52C61E09276E314200C3374A = {
						CreatedOnToolsVersion = 13.0;
						TestTargetID = 52C61DF9276E314000C3374A;
					};
					52C61E13276E314200C3374A = {
						CreatedOnToolsVersion = 13.0;
						TestTargetID = 52C61DF9276E314000C3374A;
					};
				};
			};
			buildConfigurationList = 52C61DF5276E314000C3374A /* Build configuration list for PBXProject "Expense Tracker" */;
			compatibilityVersion = "Xcode 13.0";
			developmentRegion = en;
			hasScannedForEncodings = 0;
			knownRegions = (
				en,
				Base,
			);
			mainGroup = 52C61DF1276E314000C3374A;
			packageReferences = (
				52D3C6F727ADE7B4002BBA75 /* XCRemoteSwiftPackageReference "realm-cocoa" */,
			);
			productRefGroup = 52C61DFB276E314000C3374A /* Products */;
			projectDirPath = "";
			projectRoot = "";
			targets = (
				52C61DF9276E314000C3374A /* Expense Tracker */,
				52C61E09276E314200C3374A /* Expense TrackerTests */,
				52C61E13276E314200C3374A /* Expense TrackerUITests */,
			);
		};
/* End PBXProject section */

/* Begin PBXResourcesBuildPhase section */
		52C61DF8276E314000C3374A /* Resources */ = {
			isa = PBXResourcesBuildPhase;
			buildActionMask = 2147483647;
			files = (
				52C61E05276E314200C3374A /* Preview Assets.xcassets in Resources */,
				52C61E02276E314200C3374A /* Assets.xcassets in Resources */,
			);
			runOnlyForDeploymentPostprocessing = 0;
		};
		52C61E08276E314200C3374A /* Resources */ = {
			isa = PBXResourcesBuildPhase;
			buildActionMask = 2147483647;
			files = (
			);
			runOnlyForDeploymentPostprocessing = 0;
		};
		52C61E12276E314200C3374A /* Resources */ = {
			isa = PBXResourcesBuildPhase;
			buildActionMask = 2147483647;
			files = (
			);
			runOnlyForDeploymentPostprocessing = 0;
		};
/* End PBXResourcesBuildPhase section */

/* Begin PBXShellScriptBuildPhase section */
		52629E9F2798B47D0096E501 /* Run Script */ = {
			isa = PBXShellScriptBuildPhase;
			alwaysOutOfDate = 1;
			buildActionMask = 2147483647;
			files = (
			);
			inputFileListPaths = (
			);
			inputPaths = (
			);
			name = "Run Script";
			outputFileListPaths = (
			);
			outputPaths = (
			);
			runOnlyForDeploymentPostprocessing = 0;
			shellPath = /bin/sh;
			shellScript = "# Type a script or drag a script file from your workspace to insert its path.\nif which swiftlint >/dev/null; then\n  swiftlint --fix\nelse\n  echo \"warning: SwiftLint not installed, download from https://github.com/realm/SwiftLint\"\nfi\n";
		};
/* End PBXShellScriptBuildPhase section */

/* Begin PBXSourcesBuildPhase section */
		52C61DF6276E314000C3374A /* Sources */ = {
			isa = PBXSourcesBuildPhase;
			buildActionMask = 2147483647;
			files = (
				529081D427E4E7CF0066115D /* ViewExtension.swift in Sources */,
				529081C727E4E1A30066115D /* RecordRowView.swift in Sources */,
				52BD5B2A2817510700A594C4 /* BudgetsService.swift in Sources */,
				52B5DA2027A0BFE900EACD38 /* PieChartView.swift in Sources */,
				528B24FA280E21C7008AA621 /* Card.swift in Sources */,
				528B24F8280E1F2E008AA621 /* ExpenseOverviewChart.swift in Sources */,
				529081CD27E4E2990066115D /* Record.swift in Sources */,
				529081C927E4E1D30066115D /* AdvancedRecordView.swift in Sources */,
				52ABC8052803AD410005C061 /* SearchBar.swift in Sources */,
				52B5DA1E27A0BC8200EACD38 /* ChartsView.swift in Sources */,
				52BD5B272816F6D000A594C4 /* ConditionalStack.swift in Sources */,
				529081C527E4E0670066115D /* BudgetOptionsView.swift in Sources */,
				52B282E6281205C400564341 /* YTDSpendingTrendsChart.swift in Sources */,
				52B282E82812067000564341 /* BarChartView.swift in Sources */,
				52C160E62773EE0E001BC665 /* BudgetListView.swift in Sources */,
				52C5B3512804E4EF008AF3C2 /* BudgetName.swift in Sources */,
				525EE628279B65A000419AA9 /* ColoredMoney.swift in Sources */,
				52C89849281361C600295132 /* YOYSavings.swift in Sources */,
				529081D227E4E7090066115D /* FormatterExtension.swift in Sources */,
				52C61E2A276E454B00C3374A /* BudgetView.swift in Sources */,
				52B282EA2812109700564341 /* DateExtension.swift in Sources */,
				52C61E00276E314000C3374A /* ContentView.swift in Sources */,
				528B35F227A49BF500F52E2C /* Categories.swift in Sources */,
				52C160E42773EB33001BC665 /* Budget.swift in Sources */,
				52ABD1A52814A676003EA81F /* GraphData.swift in Sources */,
				52C61DFE276E314000C3374A /* Expense_TrackerApp.swift in Sources */,
			);
			runOnlyForDeploymentPostprocessing = 0;
		};
		52C61E06276E314200C3374A /* Sources */ = {
			isa = PBXSourcesBuildPhase;
			buildActionMask = 2147483647;
			files = (
				52C61E0F276E314200C3374A /* ExpenseTrackerTests.swift in Sources */,
			);
			runOnlyForDeploymentPostprocessing = 0;
		};
		52C61E10276E314200C3374A /* Sources */ = {
			isa = PBXSourcesBuildPhase;
			buildActionMask = 2147483647;
			files = (
				52C61E1B276E314200C3374A /* Expense_TrackerUITestsLaunchTests.swift in Sources */,
				52C61E19276E314200C3374A /* ExpenseTrackerUITests.swift in Sources */,
			);
			runOnlyForDeploymentPostprocessing = 0;
		};
/* End PBXSourcesBuildPhase section */

/* Begin PBXTargetDependency section */
		52C61E0C276E314200C3374A /* PBXTargetDependency */ = {
			isa = PBXTargetDependency;
			target = 52C61DF9276E314000C3374A /* Expense Tracker */;
			targetProxy = 52C61E0B276E314200C3374A /* PBXContainerItemProxy */;
		};
		52C61E16276E314200C3374A /* PBXTargetDependency */ = {
			isa = PBXTargetDependency;
			target = 52C61DF9276E314000C3374A /* Expense Tracker */;
			targetProxy = 52C61E15276E314200C3374A /* PBXContainerItemProxy */;
		};
/* End PBXTargetDependency section */

/* Begin XCBuildConfiguration section */
		52C61E1C276E314200C3374A /* Debug */ = {
			isa = XCBuildConfiguration;
			buildSettings = {
				ALWAYS_SEARCH_USER_PATHS = NO;
				CLANG_ANALYZER_NONNULL = YES;
				CLANG_ANALYZER_NUMBER_OBJECT_CONVERSION = YES_AGGRESSIVE;
				CLANG_CXX_LANGUAGE_STANDARD = "gnu++17";
				CLANG_CXX_LIBRARY = "libc++";
				CLANG_ENABLE_MODULES = YES;
				CLANG_ENABLE_OBJC_ARC = YES;
				CLANG_ENABLE_OBJC_WEAK = YES;
				CLANG_WARN_BLOCK_CAPTURE_AUTORELEASING = YES;
				CLANG_WARN_BOOL_CONVERSION = YES;
				CLANG_WARN_COMMA = YES;
				CLANG_WARN_CONSTANT_CONVERSION = YES;
				CLANG_WARN_DEPRECATED_OBJC_IMPLEMENTATIONS = YES;
				CLANG_WARN_DIRECT_OBJC_ISA_USAGE = YES_ERROR;
				CLANG_WARN_DOCUMENTATION_COMMENTS = YES;
				CLANG_WARN_EMPTY_BODY = YES;
				CLANG_WARN_ENUM_CONVERSION = YES;
				CLANG_WARN_INFINITE_RECURSION = YES;
				CLANG_WARN_INT_CONVERSION = YES;
				CLANG_WARN_NON_LITERAL_NULL_CONVERSION = YES;
				CLANG_WARN_OBJC_IMPLICIT_RETAIN_SELF = YES;
				CLANG_WARN_OBJC_LITERAL_CONVERSION = YES;
				CLANG_WARN_OBJC_ROOT_CLASS = YES_ERROR;
				CLANG_WARN_QUOTED_INCLUDE_IN_FRAMEWORK_HEADER = YES;
				CLANG_WARN_RANGE_LOOP_ANALYSIS = YES;
				CLANG_WARN_STRICT_PROTOTYPES = YES;
				CLANG_WARN_SUSPICIOUS_MOVE = YES;
				CLANG_WARN_UNGUARDED_AVAILABILITY = YES_AGGRESSIVE;
				CLANG_WARN_UNREACHABLE_CODE = YES;
				CLANG_WARN__DUPLICATE_METHOD_MATCH = YES;
				COPY_PHASE_STRIP = NO;
				DEBUG_INFORMATION_FORMAT = dwarf;
				ENABLE_STRICT_OBJC_MSGSEND = YES;
				ENABLE_TESTABILITY = YES;
				GCC_C_LANGUAGE_STANDARD = gnu11;
				GCC_DYNAMIC_NO_PIC = NO;
				GCC_NO_COMMON_BLOCKS = YES;
				GCC_OPTIMIZATION_LEVEL = 0;
				GCC_PREPROCESSOR_DEFINITIONS = (
					"DEBUG=1",
					"$(inherited)",
				);
				GCC_WARN_64_TO_32_BIT_CONVERSION = YES;
				GCC_WARN_ABOUT_RETURN_TYPE = YES_ERROR;
				GCC_WARN_UNDECLARED_SELECTOR = YES;
				GCC_WARN_UNINITIALIZED_AUTOS = YES_AGGRESSIVE;
				GCC_WARN_UNUSED_FUNCTION = YES;
				GCC_WARN_UNUSED_VARIABLE = YES;
				IPHONEOS_DEPLOYMENT_TARGET = 15.0;
				MTL_ENABLE_DEBUG_INFO = INCLUDE_SOURCE;
				MTL_FAST_MATH = YES;
				ONLY_ACTIVE_ARCH = YES;
				SDKROOT = iphoneos;
				SWIFT_ACTIVE_COMPILATION_CONDITIONS = DEBUG;
				SWIFT_OPTIMIZATION_LEVEL = "-Onone";
			};
			name = Debug;
		};
		52C61E1D276E314200C3374A /* Release */ = {
			isa = XCBuildConfiguration;
			buildSettings = {
				ALWAYS_SEARCH_USER_PATHS = NO;
				CLANG_ANALYZER_NONNULL = YES;
				CLANG_ANALYZER_NUMBER_OBJECT_CONVERSION = YES_AGGRESSIVE;
				CLANG_CXX_LANGUAGE_STANDARD = "gnu++17";
				CLANG_CXX_LIBRARY = "libc++";
				CLANG_ENABLE_MODULES = YES;
				CLANG_ENABLE_OBJC_ARC = YES;
				CLANG_ENABLE_OBJC_WEAK = YES;
				CLANG_WARN_BLOCK_CAPTURE_AUTORELEASING = YES;
				CLANG_WARN_BOOL_CONVERSION = YES;
				CLANG_WARN_COMMA = YES;
				CLANG_WARN_CONSTANT_CONVERSION = YES;
				CLANG_WARN_DEPRECATED_OBJC_IMPLEMENTATIONS = YES;
				CLANG_WARN_DIRECT_OBJC_ISA_USAGE = YES_ERROR;
				CLANG_WARN_DOCUMENTATION_COMMENTS = YES;
				CLANG_WARN_EMPTY_BODY = YES;
				CLANG_WARN_ENUM_CONVERSION = YES;
				CLANG_WARN_INFINITE_RECURSION = YES;
				CLANG_WARN_INT_CONVERSION = YES;
				CLANG_WARN_NON_LITERAL_NULL_CONVERSION = YES;
				CLANG_WARN_OBJC_IMPLICIT_RETAIN_SELF = YES;
				CLANG_WARN_OBJC_LITERAL_CONVERSION = YES;
				CLANG_WARN_OBJC_ROOT_CLASS = YES_ERROR;
				CLANG_WARN_QUOTED_INCLUDE_IN_FRAMEWORK_HEADER = YES;
				CLANG_WARN_RANGE_LOOP_ANALYSIS = YES;
				CLANG_WARN_STRICT_PROTOTYPES = YES;
				CLANG_WARN_SUSPICIOUS_MOVE = YES;
				CLANG_WARN_UNGUARDED_AVAILABILITY = YES_AGGRESSIVE;
				CLANG_WARN_UNREACHABLE_CODE = YES;
				CLANG_WARN__DUPLICATE_METHOD_MATCH = YES;
				COPY_PHASE_STRIP = NO;
				DEBUG_INFORMATION_FORMAT = "dwarf-with-dsym";
				ENABLE_NS_ASSERTIONS = NO;
				ENABLE_STRICT_OBJC_MSGSEND = YES;
				GCC_C_LANGUAGE_STANDARD = gnu11;
				GCC_NO_COMMON_BLOCKS = YES;
				GCC_WARN_64_TO_32_BIT_CONVERSION = YES;
				GCC_WARN_ABOUT_RETURN_TYPE = YES_ERROR;
				GCC_WARN_UNDECLARED_SELECTOR = YES;
				GCC_WARN_UNINITIALIZED_AUTOS = YES_AGGRESSIVE;
				GCC_WARN_UNUSED_FUNCTION = YES;
				GCC_WARN_UNUSED_VARIABLE = YES;
				IPHONEOS_DEPLOYMENT_TARGET = 15.0;
				MTL_ENABLE_DEBUG_INFO = NO;
				MTL_FAST_MATH = YES;
				SDKROOT = iphoneos;
				SWIFT_COMPILATION_MODE = wholemodule;
				SWIFT_OPTIMIZATION_LEVEL = "-O";
				VALIDATE_PRODUCT = YES;
			};
			name = Release;
		};
		52C61E1F276E314200C3374A /* Debug */ = {
			isa = XCBuildConfiguration;
			buildSettings = {
				ASSETCATALOG_COMPILER_APPICON_NAME = AppIcon;
				ASSETCATALOG_COMPILER_GLOBAL_ACCENT_COLOR_NAME = AccentColor;
				CODE_SIGN_STYLE = Automatic;
				CURRENT_PROJECT_VERSION = 1;
				DEVELOPMENT_ASSET_PATHS = "\"Expense Tracker/Preview Content\"";
				DEVELOPMENT_TEAM = HX5TG4KYP8;
				ENABLE_PREVIEWS = YES;
				GENERATE_INFOPLIST_FILE = YES;
				INFOPLIST_FILE = "Expense-Tracker-Info.plist";
				INFOPLIST_KEY_UIApplicationSupportsIndirectInputEvents = YES;
				INFOPLIST_KEY_UILaunchScreen_Generation = YES;
				INFOPLIST_KEY_UIRequiresFullScreen = YES;
				INFOPLIST_KEY_UISupportedInterfaceOrientations = "UIInterfaceOrientationPortrait UIInterfaceOrientationLandscapeRight UIInterfaceOrientationLandscapeLeft";
				INFOPLIST_KEY_UISupportedInterfaceOrientations_iPad = UIInterfaceOrientationPortrait;
				INFOPLIST_KEY_UISupportedInterfaceOrientations_iPhone = UIInterfaceOrientationPortrait;
				IPHONEOS_DEPLOYMENT_TARGET = 15.0;
				LD_RUNPATH_SEARCH_PATHS = (
					"$(inherited)",
					"@executable_path/Frameworks",
				);
				MARKETING_VERSION = 1.0;
				PRODUCT_BUNDLE_IDENTIFIER = "com.jmenaker.Expense-Tracker";
				PRODUCT_NAME = "$(TARGET_NAME)";
				SWIFT_EMIT_LOC_STRINGS = YES;
				SWIFT_VERSION = 5.0;
				TARGETED_DEVICE_FAMILY = "1,2";
			};
			name = Debug;
		};
		52C61E20276E314200C3374A /* Release */ = {
			isa = XCBuildConfiguration;
			buildSettings = {
				ASSETCATALOG_COMPILER_APPICON_NAME = AppIcon;
				ASSETCATALOG_COMPILER_GLOBAL_ACCENT_COLOR_NAME = AccentColor;
				CODE_SIGN_STYLE = Automatic;
				CURRENT_PROJECT_VERSION = 1;
				DEVELOPMENT_ASSET_PATHS = "\"Expense Tracker/Preview Content\"";
				DEVELOPMENT_TEAM = HX5TG4KYP8;
				ENABLE_PREVIEWS = YES;
				GENERATE_INFOPLIST_FILE = YES;
				INFOPLIST_FILE = "Expense-Tracker-Info.plist";
				INFOPLIST_KEY_UIApplicationSupportsIndirectInputEvents = YES;
				INFOPLIST_KEY_UILaunchScreen_Generation = YES;
				INFOPLIST_KEY_UIRequiresFullScreen = YES;
				INFOPLIST_KEY_UISupportedInterfaceOrientations = "UIInterfaceOrientationPortrait UIInterfaceOrientationLandscapeRight UIInterfaceOrientationLandscapeLeft";
				INFOPLIST_KEY_UISupportedInterfaceOrientations_iPad = UIInterfaceOrientationPortrait;
				INFOPLIST_KEY_UISupportedInterfaceOrientations_iPhone = UIInterfaceOrientationPortrait;
				IPHONEOS_DEPLOYMENT_TARGET = 15.0;
				LD_RUNPATH_SEARCH_PATHS = (
					"$(inherited)",
					"@executable_path/Frameworks",
				);
				MARKETING_VERSION = 1.0;
				PRODUCT_BUNDLE_IDENTIFIER = "com.jmenaker.Expense-Tracker";
				PRODUCT_NAME = "$(TARGET_NAME)";
				SWIFT_EMIT_LOC_STRINGS = YES;
				SWIFT_VERSION = 5.0;
				TARGETED_DEVICE_FAMILY = "1,2";
			};
			name = Release;
		};
		52C61E22276E314200C3374A /* Debug */ = {
			isa = XCBuildConfiguration;
			buildSettings = {
				ALWAYS_EMBED_SWIFT_STANDARD_LIBRARIES = YES;
				BUNDLE_LOADER = "$(TEST_HOST)";
				CODE_SIGN_STYLE = Automatic;
				CURRENT_PROJECT_VERSION = 1;
				GENERATE_INFOPLIST_FILE = YES;
				IPHONEOS_DEPLOYMENT_TARGET = 14.0;
				LD_RUNPATH_SEARCH_PATHS = (
					"$(inherited)",
					"@executable_path/Frameworks",
					"@loader_path/Frameworks",
				);
				MARKETING_VERSION = 1.0;
				PRODUCT_BUNDLE_IDENTIFIER = "com.example.jmenaker.Expense-TrackerTests";
				PRODUCT_NAME = "$(TARGET_NAME)";
				SWIFT_EMIT_LOC_STRINGS = NO;
				SWIFT_VERSION = 5.0;
				TARGETED_DEVICE_FAMILY = "1,2";
				TEST_HOST = "$(BUILT_PRODUCTS_DIR)/Expense Tracker.app/Expense Tracker";
			};
			name = Debug;
		};
		52C61E23276E314200C3374A /* Release */ = {
			isa = XCBuildConfiguration;
			buildSettings = {
				ALWAYS_EMBED_SWIFT_STANDARD_LIBRARIES = YES;
				BUNDLE_LOADER = "$(TEST_HOST)";
				CODE_SIGN_STYLE = Automatic;
				CURRENT_PROJECT_VERSION = 1;
				GENERATE_INFOPLIST_FILE = YES;
				IPHONEOS_DEPLOYMENT_TARGET = 14.0;
				LD_RUNPATH_SEARCH_PATHS = (
					"$(inherited)",
					"@executable_path/Frameworks",
					"@loader_path/Frameworks",
				);
				MARKETING_VERSION = 1.0;
				PRODUCT_BUNDLE_IDENTIFIER = "com.example.jmenaker.Expense-TrackerTests";
				PRODUCT_NAME = "$(TARGET_NAME)";
				SWIFT_EMIT_LOC_STRINGS = NO;
				SWIFT_VERSION = 5.0;
				TARGETED_DEVICE_FAMILY = "1,2";
				TEST_HOST = "$(BUILT_PRODUCTS_DIR)/Expense Tracker.app/Expense Tracker";
			};
			name = Release;
		};
		52C61E25276E314200C3374A /* Debug */ = {
			isa = XCBuildConfiguration;
			buildSettings = {
				ALWAYS_EMBED_SWIFT_STANDARD_LIBRARIES = YES;
				CODE_SIGN_STYLE = Automatic;
				CURRENT_PROJECT_VERSION = 1;
				GENERATE_INFOPLIST_FILE = YES;
				LD_RUNPATH_SEARCH_PATHS = (
					"$(inherited)",
					"@executable_path/Frameworks",
					"@loader_path/Frameworks",
				);
				MARKETING_VERSION = 1.0;
				PRODUCT_BUNDLE_IDENTIFIER = "com.example.jmenaker.Expense-TrackerUITests";
				PRODUCT_NAME = "$(TARGET_NAME)";
				SWIFT_EMIT_LOC_STRINGS = NO;
				SWIFT_VERSION = 5.0;
				TARGETED_DEVICE_FAMILY = "1,2";
				TEST_TARGET_NAME = "Expense Tracker";
			};
			name = Debug;
		};
		52C61E26276E314200C3374A /* Release */ = {
			isa = XCBuildConfiguration;
			buildSettings = {
				ALWAYS_EMBED_SWIFT_STANDARD_LIBRARIES = YES;
				CODE_SIGN_STYLE = Automatic;
				CURRENT_PROJECT_VERSION = 1;
				GENERATE_INFOPLIST_FILE = YES;
				LD_RUNPATH_SEARCH_PATHS = (
					"$(inherited)",
					"@executable_path/Frameworks",
					"@loader_path/Frameworks",
				);
				MARKETING_VERSION = 1.0;
				PRODUCT_BUNDLE_IDENTIFIER = "com.example.jmenaker.Expense-TrackerUITests";
				PRODUCT_NAME = "$(TARGET_NAME)";
				SWIFT_EMIT_LOC_STRINGS = NO;
				SWIFT_VERSION = 5.0;
				TARGETED_DEVICE_FAMILY = "1,2";
				TEST_TARGET_NAME = "Expense Tracker";
			};
			name = Release;
		};
/* End XCBuildConfiguration section */

/* Begin XCConfigurationList section */
		52C61DF5276E314000C3374A /* Build configuration list for PBXProject "Expense Tracker" */ = {
			isa = XCConfigurationList;
			buildConfigurations = (
				52C61E1C276E314200C3374A /* Debug */,
				52C61E1D276E314200C3374A /* Release */,
			);
			defaultConfigurationIsVisible = 0;
			defaultConfigurationName = Release;
		};
		52C61E1E276E314200C3374A /* Build configuration list for PBXNativeTarget "Expense Tracker" */ = {
			isa = XCConfigurationList;
			buildConfigurations = (
				52C61E1F276E314200C3374A /* Debug */,
				52C61E20276E314200C3374A /* Release */,
			);
			defaultConfigurationIsVisible = 0;
			defaultConfigurationName = Release;
		};
		52C61E21276E314200C3374A /* Build configuration list for PBXNativeTarget "Expense TrackerTests" */ = {
			isa = XCConfigurationList;
			buildConfigurations = (
				52C61E22276E314200C3374A /* Debug */,
				52C61E23276E314200C3374A /* Release */,
			);
			defaultConfigurationIsVisible = 0;
			defaultConfigurationName = Release;
		};
		52C61E24276E314200C3374A /* Build configuration list for PBXNativeTarget "Expense TrackerUITests" */ = {
			isa = XCConfigurationList;
			buildConfigurations = (
				52C61E25276E314200C3374A /* Debug */,
				52C61E26276E314200C3374A /* Release */,
			);
			defaultConfigurationIsVisible = 0;
			defaultConfigurationName = Release;
		};
/* End XCConfigurationList section */

/* Begin XCRemoteSwiftPackageReference section */
		52D3C6F727ADE7B4002BBA75 /* XCRemoteSwiftPackageReference "realm-cocoa" */ = {
			isa = XCRemoteSwiftPackageReference;
			repositoryURL = "https://github.com/realm/realm-cocoa.git";
			requirement = {
				kind = upToNextMajorVersion;
				minimumVersion = 10.13.0;
			};
		};
/* End XCRemoteSwiftPackageReference section */

/* Begin XCSwiftPackageProductDependency section */
		52D3C6F827ADE7B4002BBA75 /* Realm */ = {
			isa = XCSwiftPackageProductDependency;
			package = 52D3C6F727ADE7B4002BBA75 /* XCRemoteSwiftPackageReference "realm-cocoa" */;
			productName = Realm;
		};
		52D3C6FA27ADE7B4002BBA75 /* RealmSwift */ = {
			isa = XCSwiftPackageProductDependency;
			package = 52D3C6F727ADE7B4002BBA75 /* XCRemoteSwiftPackageReference "realm-cocoa" */;
			productName = RealmSwift;
		};
/* End XCSwiftPackageProductDependency section */
	};
	rootObject = 52C61DF2276E314000C3374A /* Project object */;
}
